// !$*UTF8*$!
{
	archiveVersion = 1;
	classes = {
	};
	objectVersion = 50;
	objects = {

/* Begin PBXBuildFile section */
		C6AD2A38270BF13600D13BED /* AppDelegate.swift in Sources */ = {isa = PBXBuildFile; fileRef = C6AD2A37270BF13600D13BED /* AppDelegate.swift */; };
		C6AD2A3A270BF13600D13BED /* SceneDelegate.swift in Sources */ = {isa = PBXBuildFile; fileRef = C6AD2A39270BF13600D13BED /* SceneDelegate.swift */; };
		C6AD2A3C270BF13600D13BED /* ViewController.swift in Sources */ = {isa = PBXBuildFile; fileRef = C6AD2A3B270BF13600D13BED /* ViewController.swift */; };
		C6AD2A3F270BF13600D13BED /* Main.storyboard in Resources */ = {isa = PBXBuildFile; fileRef = C6AD2A3D270BF13600D13BED /* Main.storyboard */; };
		C6AD2A41270BF13A00D13BED /* Assets.xcassets in Resources */ = {isa = PBXBuildFile; fileRef = C6AD2A40270BF13A00D13BED /* Assets.xcassets */; };
		C6AD2A44270BF13A00D13BED /* LaunchScreen.storyboard in Resources */ = {isa = PBXBuildFile; fileRef = C6AD2A42270BF13A00D13BED /* LaunchScreen.storyboard */; };
		C6AD2A4F270BF13A00D13BED /* NavigatorDemoTests.swift in Sources */ = {isa = PBXBuildFile; fileRef = C6AD2A4E270BF13A00D13BED /* NavigatorDemoTests.swift */; };
		C6AD2A5A270BF13A00D13BED /* NavigatorDemoUITests.swift in Sources */ = {isa = PBXBuildFile; fileRef = C6AD2A59270BF13A00D13BED /* NavigatorDemoUITests.swift */; };
/* End PBXBuildFile section */

/* Begin PBXContainerItemProxy section */
		C6AD2A4B270BF13A00D13BED /* PBXContainerItemProxy */ = {
			isa = PBXContainerItemProxy;
			containerPortal = C6AD2A2C270BF13500D13BED /* Project object */;
			proxyType = 1;
			remoteGlobalIDString = C6AD2A33270BF13600D13BED;
			remoteInfo = NavigatorDemo;
		};
		C6AD2A56270BF13A00D13BED /* PBXContainerItemProxy */ = {
			isa = PBXContainerItemProxy;
			containerPortal = C6AD2A2C270BF13500D13BED /* Project object */;
			proxyType = 1;
			remoteGlobalIDString = C6AD2A33270BF13600D13BED;
			remoteInfo = NavigatorDemo;
		};
/* End PBXContainerItemProxy section */

/* Begin PBXFileReference section */
		C6AD2A34270BF13600D13BED /* NavigatorDemo.app */ = {isa = PBXFileReference; explicitFileType = wrapper.application; includeInIndex = 0; path = NavigatorDemo.app; sourceTree = BUILT_PRODUCTS_DIR; };
		C6AD2A37270BF13600D13BED /* AppDelegate.swift */ = {isa = PBXFileReference; lastKnownFileType = sourcecode.swift; path = AppDelegate.swift; sourceTree = "<group>"; };
		C6AD2A39270BF13600D13BED /* SceneDelegate.swift */ = {isa = PBXFileReference; lastKnownFileType = sourcecode.swift; path = SceneDelegate.swift; sourceTree = "<group>"; };
		C6AD2A3B270BF13600D13BED /* ViewController.swift */ = {isa = PBXFileReference; lastKnownFileType = sourcecode.swift; path = ViewController.swift; sourceTree = "<group>"; };
		C6AD2A3E270BF13600D13BED /* Base */ = {isa = PBXFileReference; lastKnownFileType = file.storyboard; name = Base; path = Base.lproj/Main.storyboard; sourceTree = "<group>"; };
		C6AD2A40270BF13A00D13BED /* Assets.xcassets */ = {isa = PBXFileReference; lastKnownFileType = folder.assetcatalog; path = Assets.xcassets; sourceTree = "<group>"; };
		C6AD2A43270BF13A00D13BED /* Base */ = {isa = PBXFileReference; lastKnownFileType = file.storyboard; name = Base; path = Base.lproj/LaunchScreen.storyboard; sourceTree = "<group>"; };
		C6AD2A45270BF13A00D13BED /* Info.plist */ = {isa = PBXFileReference; lastKnownFileType = text.plist.xml; path = Info.plist; sourceTree = "<group>"; };
		C6AD2A4A270BF13A00D13BED /* NavigatorDemoTests.xctest */ = {isa = PBXFileReference; explicitFileType = wrapper.cfbundle; includeInIndex = 0; path = NavigatorDemoTests.xctest; sourceTree = BUILT_PRODUCTS_DIR; };
		C6AD2A4E270BF13A00D13BED /* NavigatorDemoTests.swift */ = {isa = PBXFileReference; lastKnownFileType = sourcecode.swift; path = NavigatorDemoTests.swift; sourceTree = "<group>"; };
		C6AD2A50270BF13A00D13BED /* Info.plist */ = {isa = PBXFileReference; lastKnownFileType = text.plist.xml; path = Info.plist; sourceTree = "<group>"; };
		C6AD2A55270BF13A00D13BED /* NavigatorDemoUITests.xctest */ = {isa = PBXFileReference; explicitFileType = wrapper.cfbundle; includeInIndex = 0; path = NavigatorDemoUITests.xctest; sourceTree = BUILT_PRODUCTS_DIR; };
		C6AD2A59270BF13A00D13BED /* NavigatorDemoUITests.swift */ = {isa = PBXFileReference; lastKnownFileType = sourcecode.swift; path = NavigatorDemoUITests.swift; sourceTree = "<group>"; };
		C6AD2A5B270BF13A00D13BED /* Info.plist */ = {isa = PBXFileReference; lastKnownFileType = text.plist.xml; path = Info.plist; sourceTree = "<group>"; };
/* End PBXFileReference section */

/* Begin PBXFrameworksBuildPhase section */
		C6AD2A31270BF13600D13BED /* Frameworks */ = {
			isa = PBXFrameworksBuildPhase;
			buildActionMask = 2147483647;
			files = (
			);
			runOnlyForDeploymentPostprocessing = 0;
		};
		C6AD2A47270BF13A00D13BED /* Frameworks */ = {
			isa = PBXFrameworksBuildPhase;
			buildActionMask = 2147483647;
			files = (
			);
			runOnlyForDeploymentPostprocessing = 0;
		};
		C6AD2A52270BF13A00D13BED /* Frameworks */ = {
			isa = PBXFrameworksBuildPhase;
			buildActionMask = 2147483647;
			files = (
			);
			runOnlyForDeploymentPostprocessing = 0;
		};
/* End PBXFrameworksBuildPhase section */

/* Begin PBXGroup section */
		C6AD2A2B270BF13500D13BED = {
			isa = PBXGroup;
			children = (
				C6AD2A36270BF13600D13BED /* NavigatorDemo */,
				C6AD2A4D270BF13A00D13BED /* NavigatorDemoTests */,
				C6AD2A58270BF13A00D13BED /* NavigatorDemoUITests */,
				C6AD2A35270BF13600D13BED /* Products */,
			);
			sourceTree = "<group>";
		};
		C6AD2A35270BF13600D13BED /* Products */ = {
			isa = PBXGroup;
			children = (
				C6AD2A34270BF13600D13BED /* NavigatorDemo.app */,
				C6AD2A4A270BF13A00D13BED /* NavigatorDemoTests.xctest */,
				C6AD2A55270BF13A00D13BED /* NavigatorDemoUITests.xctest */,
			);
			name = Products;
			sourceTree = "<group>";
		};
		C6AD2A36270BF13600D13BED /* NavigatorDemo */ = {
			isa = PBXGroup;
			children = (
				C6AD2A37270BF13600D13BED /* AppDelegate.swift */,
				C6AD2A39270BF13600D13BED /* SceneDelegate.swift */,
				C6AD2A3B270BF13600D13BED /* ViewController.swift */,
				C6AD2A3D270BF13600D13BED /* Main.storyboard */,
				C6AD2A40270BF13A00D13BED /* Assets.xcassets */,
				C6AD2A42270BF13A00D13BED /* LaunchScreen.storyboard */,
				C6AD2A45270BF13A00D13BED /* Info.plist */,
			);
			path = NavigatorDemo;
			sourceTree = "<group>";
		};
		C6AD2A4D270BF13A00D13BED /* NavigatorDemoTests */ = {
			isa = PBXGroup;
			children = (
				C6AD2A4E270BF13A00D13BED /* NavigatorDemoTests.swift */,
				C6AD2A50270BF13A00D13BED /* Info.plist */,
			);
			path = NavigatorDemoTests;
			sourceTree = "<group>";
		};
		C6AD2A58270BF13A00D13BED /* NavigatorDemoUITests */ = {
			isa = PBXGroup;
			children = (
				C6AD2A59270BF13A00D13BED /* NavigatorDemoUITests.swift */,
				C6AD2A5B270BF13A00D13BED /* Info.plist */,
			);
			path = NavigatorDemoUITests;
			sourceTree = "<group>";
		};
/* End PBXGroup section */

/* Begin PBXNativeTarget section */
		C6AD2A33270BF13600D13BED /* NavigatorDemo */ = {
			isa = PBXNativeTarget;
			buildConfigurationList = C6AD2A5E270BF13A00D13BED /* Build configuration list for PBXNativeTarget "NavigatorDemo" */;
			buildPhases = (
				C6AD2A30270BF13600D13BED /* Sources */,
				C6AD2A31270BF13600D13BED /* Frameworks */,
				C6AD2A32270BF13600D13BED /* Resources */,
			);
			buildRules = (
			);
			dependencies = (
			);
			name = NavigatorDemo;
			productName = NavigatorDemo;
			productReference = C6AD2A34270BF13600D13BED /* NavigatorDemo.app */;
			productType = "com.apple.product-type.application";
		};
		C6AD2A49270BF13A00D13BED /* NavigatorDemoTests */ = {
			isa = PBXNativeTarget;
			buildConfigurationList = C6AD2A61270BF13A00D13BED /* Build configuration list for PBXNativeTarget "NavigatorDemoTests" */;
			buildPhases = (
				C6AD2A46270BF13A00D13BED /* Sources */,
				C6AD2A47270BF13A00D13BED /* Frameworks */,
				C6AD2A48270BF13A00D13BED /* Resources */,
			);
			buildRules = (
			);
			dependencies = (
				C6AD2A4C270BF13A00D13BED /* PBXTargetDependency */,
			);
			name = NavigatorDemoTests;
			productName = NavigatorDemoTests;
			productReference = C6AD2A4A270BF13A00D13BED /* NavigatorDemoTests.xctest */;
			productType = "com.apple.product-type.bundle.unit-test";
		};
		C6AD2A54270BF13A00D13BED /* NavigatorDemoUITests */ = {
			isa = PBXNativeTarget;
			buildConfigurationList = C6AD2A64270BF13A00D13BED /* Build configuration list for PBXNativeTarget "NavigatorDemoUITests" */;
			buildPhases = (
				C6AD2A51270BF13A00D13BED /* Sources */,
				C6AD2A52270BF13A00D13BED /* Frameworks */,
				C6AD2A53270BF13A00D13BED /* Resources */,
			);
			buildRules = (
			);
			dependencies = (
				C6AD2A57270BF13A00D13BED /* PBXTargetDependency */,
			);
			name = NavigatorDemoUITests;
			productName = NavigatorDemoUITests;
			productReference = C6AD2A55270BF13A00D13BED /* NavigatorDemoUITests.xctest */;
			productType = "com.apple.product-type.bundle.ui-testing";
		};
/* End PBXNativeTarget section */

/* Begin PBXProject section */
		C6AD2A2C270BF13500D13BED /* Project object */ = {
			isa = PBXProject;
			attributes = {
				LastSwiftUpdateCheck = 1250;
				LastUpgradeCheck = 1250;
				TargetAttributes = {
					C6AD2A33270BF13600D13BED = {
						CreatedOnToolsVersion = 12.5.1;
					};
					C6AD2A49270BF13A00D13BED = {
						CreatedOnToolsVersion = 12.5.1;
						TestTargetID = C6AD2A33270BF13600D13BED;
					};
					C6AD2A54270BF13A00D13BED = {
						CreatedOnToolsVersion = 12.5.1;
						TestTargetID = C6AD2A33270BF13600D13BED;
					};
				};
			};
			buildConfigurationList = C6AD2A2F270BF13500D13BED /* Build configuration list for PBXProject "NavigatorDemo" */;
			compatibilityVersion = "Xcode 9.3";
			developmentRegion = en;
			hasScannedForEncodings = 0;
			knownRegions = (
				en,
				Base,
			);
			mainGroup = C6AD2A2B270BF13500D13BED;
			productRefGroup = C6AD2A35270BF13600D13BED /* Products */;
			projectDirPath = "";
			projectRoot = "";
			targets = (
				C6AD2A33270BF13600D13BED /* NavigatorDemo */,
				C6AD2A49270BF13A00D13BED /* NavigatorDemoTests */,
				C6AD2A54270BF13A00D13BED /* NavigatorDemoUITests */,
			);
		};
/* End PBXProject section */

/* Begin PBXResourcesBuildPhase section */
		C6AD2A32270BF13600D13BED /* Resources */ = {
			isa = PBXResourcesBuildPhase;
			buildActionMask = 2147483647;
			files = (
				C6AD2A44270BF13A00D13BED /* LaunchScreen.storyboard in Resources */,
				C6AD2A41270BF13A00D13BED /* Assets.xcassets in Resources */,
				C6AD2A3F270BF13600D13BED /* Main.storyboard in Resources */,
			);
			runOnlyForDeploymentPostprocessing = 0;
		};
		C6AD2A48270BF13A00D13BED /* Resources */ = {
			isa = PBXResourcesBuildPhase;
			buildActionMask = 2147483647;
			files = (
			);
			runOnlyForDeploymentPostprocessing = 0;
		};
		C6AD2A53270BF13A00D13BED /* Resources */ = {
			isa = PBXResourcesBuildPhase;
			buildActionMask = 2147483647;
			files = (
			);
			runOnlyForDeploymentPostprocessing = 0;
		};
/* End PBXResourcesBuildPhase section */

/* Begin PBXSourcesBuildPhase section */
		C6AD2A30270BF13600D13BED /* Sources */ = {
			isa = PBXSourcesBuildPhase;
			buildActionMask = 2147483647;
			files = (
				C6AD2A3C270BF13600D13BED /* ViewController.swift in Sources */,
				C6AD2A38270BF13600D13BED /* AppDelegate.swift in Sources */,
				C6AD2A3A270BF13600D13BED /* SceneDelegate.swift in Sources */,
			);
			runOnlyForDeploymentPostprocessing = 0;
		};
		C6AD2A46270BF13A00D13BED /* Sources */ = {
			isa = PBXSourcesBuildPhase;
			buildActionMask = 2147483647;
			files = (
				C6AD2A4F270BF13A00D13BED /* NavigatorDemoTests.swift in Sources */,
			);
			runOnlyForDeploymentPostprocessing = 0;
		};
		C6AD2A51270BF13A00D13BED /* Sources */ = {
			isa = PBXSourcesBuildPhase;
			buildActionMask = 2147483647;
			files = (
				C6AD2A5A270BF13A00D13BED /* NavigatorDemoUITests.swift in Sources */,
			);
			runOnlyForDeploymentPostprocessing = 0;
		};
/* End PBXSourcesBuildPhase section */

/* Begin PBXTargetDependency section */
		C6AD2A4C270BF13A00D13BED /* PBXTargetDependency */ = {
			isa = PBXTargetDependency;
			target = C6AD2A33270BF13600D13BED /* NavigatorDemo */;
			targetProxy = C6AD2A4B270BF13A00D13BED /* PBXContainerItemProxy */;
		};
		C6AD2A57270BF13A00D13BED /* PBXTargetDependency */ = {
			isa = PBXTargetDependency;
			target = C6AD2A33270BF13600D13BED /* NavigatorDemo */;
			targetProxy = C6AD2A56270BF13A00D13BED /* PBXContainerItemProxy */;
		};
/* End PBXTargetDependency section */

/* Begin PBXVariantGroup section */
		C6AD2A3D270BF13600D13BED /* Main.storyboard */ = {
			isa = PBXVariantGroup;
			children = (
				C6AD2A3E270BF13600D13BED /* Base */,
			);
			name = Main.storyboard;
			sourceTree = "<group>";
		};
		C6AD2A42270BF13A00D13BED /* LaunchScreen.storyboard */ = {
			isa = PBXVariantGroup;
			children = (
				C6AD2A43270BF13A00D13BED /* Base */,
			);
			name = LaunchScreen.storyboard;
			sourceTree = "<group>";
		};
/* End PBXVariantGroup section */

/* Begin XCBuildConfiguration section */
		C6AD2A5C270BF13A00D13BED /* Debug */ = {
			isa = XCBuildConfiguration;
			buildSettings = {
				ALWAYS_SEARCH_USER_PATHS = NO;
				CLANG_ANALYZER_NONNULL = YES;
				CLANG_ANALYZER_NUMBER_OBJECT_CONVERSION = YES_AGGRESSIVE;
				CLANG_CXX_LANGUAGE_STANDARD = "gnu++14";
				CLANG_CXX_LIBRARY = "libc++";
				CLANG_ENABLE_MODULES = YES;
				CLANG_ENABLE_OBJC_ARC = YES;
				CLANG_ENABLE_OBJC_WEAK = YES;
				CLANG_WARN_BLOCK_CAPTURE_AUTORELEASING = YES;
				CLANG_WARN_BOOL_CONVERSION = YES;
				CLANG_WARN_COMMA = YES;
				CLANG_WARN_CONSTANT_CONVERSION = YES;
				CLANG_WARN_DEPRECATED_OBJC_IMPLEMENTATIONS = YES;
				CLANG_WARN_DIRECT_OBJC_ISA_USAGE = YES_ERROR;
				CLANG_WARN_DOCUMENTATION_COMMENTS = YES;
				CLANG_WARN_EMPTY_BODY = YES;
				CLANG_WARN_ENUM_CONVERSION = YES;
				CLANG_WARN_INFINITE_RECURSION = YES;
				CLANG_WARN_INT_CONVERSION = YES;
				CLANG_WARN_NON_LITERAL_NULL_CONVERSION = YES;
				CLANG_WARN_OBJC_IMPLICIT_RETAIN_SELF = YES;
				CLANG_WARN_OBJC_LITERAL_CONVERSION = YES;
				CLANG_WARN_OBJC_ROOT_CLASS = YES_ERROR;
				CLANG_WARN_QUOTED_INCLUDE_IN_FRAMEWORK_HEADER = YES;
				CLANG_WARN_RANGE_LOOP_ANALYSIS = YES;
				CLANG_WARN_STRICT_PROTOTYPES = YES;
				CLANG_WARN_SUSPICIOUS_MOVE = YES;
				CLANG_WARN_UNGUARDED_AVAILABILITY = YES_AGGRESSIVE;
				CLANG_WARN_UNREACHABLE_CODE = YES;
				CLANG_WARN__DUPLICATE_METHOD_MATCH = YES;
				COPY_PHASE_STRIP = NO;
				DEBUG_INFORMATION_FORMAT = dwarf;
				ENABLE_STRICT_OBJC_MSGSEND = YES;
				ENABLE_TESTABILITY = YES;
				GCC_C_LANGUAGE_STANDARD = gnu11;
				GCC_DYNAMIC_NO_PIC = NO;
				GCC_NO_COMMON_BLOCKS = YES;
				GCC_OPTIMIZATION_LEVEL = 0;
				GCC_PREPROCESSOR_DEFINITIONS = (
					"DEBUG=1",
					"$(inherited)",
				);
				GCC_WARN_64_TO_32_BIT_CONVERSION = YES;
				GCC_WARN_ABOUT_RETURN_TYPE = YES_ERROR;
				GCC_WARN_UNDECLARED_SELECTOR = YES;
				GCC_WARN_UNINITIALIZED_AUTOS = YES_AGGRESSIVE;
				GCC_WARN_UNUSED_FUNCTION = YES;
				GCC_WARN_UNUSED_VARIABLE = YES;
				IPHONEOS_DEPLOYMENT_TARGET = 14.5;
				MTL_ENABLE_DEBUG_INFO = INCLUDE_SOURCE;
				MTL_FAST_MATH = YES;
				ONLY_ACTIVE_ARCH = YES;
				SDKROOT = iphoneos;
				SWIFT_ACTIVE_COMPILATION_CONDITIONS = DEBUG;
				SWIFT_OPTIMIZATION_LEVEL = "-Onone";
			};
			name = Debug;
		};
		C6AD2A5D270BF13A00D13BED /* Release */ = {
			isa = XCBuildConfiguration;
			buildSettings = {
				ALWAYS_SEARCH_USER_PATHS = NO;
				CLANG_ANALYZER_NONNULL = YES;
				CLANG_ANALYZER_NUMBER_OBJECT_CONVERSION = YES_AGGRESSIVE;
				CLANG_CXX_LANGUAGE_STANDARD = "gnu++14";
				CLANG_CXX_LIBRARY = "libc++";
				CLANG_ENABLE_MODULES = YES;
				CLANG_ENABLE_OBJC_ARC = YES;
				CLANG_ENABLE_OBJC_WEAK = YES;
				CLANG_WARN_BLOCK_CAPTURE_AUTORELEASING = YES;
				CLANG_WARN_BOOL_CONVERSION = YES;
				CLANG_WARN_COMMA = YES;
				CLANG_WARN_CONSTANT_CONVERSION = YES;
				CLANG_WARN_DEPRECATED_OBJC_IMPLEMENTATIONS = YES;
				CLANG_WARN_DIRECT_OBJC_ISA_USAGE = YES_ERROR;
				CLANG_WARN_DOCUMENTATION_COMMENTS = YES;
				CLANG_WARN_EMPTY_BODY = YES;
				CLANG_WARN_ENUM_CONVERSION = YES;
				CLANG_WARN_INFINITE_RECURSION = YES;
				CLANG_WARN_INT_CONVERSION = YES;
				CLANG_WARN_NON_LITERAL_NULL_CONVERSION = YES;
				CLANG_WARN_OBJC_IMPLICIT_RETAIN_SELF = YES;
				CLANG_WARN_OBJC_LITERAL_CONVERSION = YES;
				CLANG_WARN_OBJC_ROOT_CLASS = YES_ERROR;
				CLANG_WARN_QUOTED_INCLUDE_IN_FRAMEWORK_HEADER = YES;
				CLANG_WARN_RANGE_LOOP_ANALYSIS = YES;
				CLANG_WARN_STRICT_PROTOTYPES = YES;
				CLANG_WARN_SUSPICIOUS_MOVE = YES;
				CLANG_WARN_UNGUARDED_AVAILABILITY = YES_AGGRESSIVE;
				CLANG_WARN_UNREACHABLE_CODE = YES;
				CLANG_WARN__DUPLICATE_METHOD_MATCH = YES;
				COPY_PHASE_STRIP = NO;
				DEBUG_INFORMATION_FORMAT = "dwarf-with-dsym";
				ENABLE_NS_ASSERTIONS = NO;
				ENABLE_STRICT_OBJC_MSGSEND = YES;
				GCC_C_LANGUAGE_STANDARD = gnu11;
				GCC_NO_COMMON_BLOCKS = YES;
				GCC_WARN_64_TO_32_BIT_CONVERSION = YES;
				GCC_WARN_ABOUT_RETURN_TYPE = YES_ERROR;
				GCC_WARN_UNDECLARED_SELECTOR = YES;
				GCC_WARN_UNINITIALIZED_AUTOS = YES_AGGRESSIVE;
				GCC_WARN_UNUSED_FUNCTION = YES;
				GCC_WARN_UNUSED_VARIABLE = YES;
				IPHONEOS_DEPLOYMENT_TARGET = 14.5;
				MTL_ENABLE_DEBUG_INFO = NO;
				MTL_FAST_MATH = YES;
				SDKROOT = iphoneos;
				SWIFT_COMPILATION_MODE = wholemodule;
				SWIFT_OPTIMIZATION_LEVEL = "-O";
				VALIDATE_PRODUCT = YES;
			};
			name = Release;
		};
		C6AD2A5F270BF13A00D13BED /* Debug */ = {
			isa = XCBuildConfiguration;
			buildSettings = {
				ASSETCATALOG_COMPILER_APPICON_NAME = AppIcon;
				ASSETCATALOG_COMPILER_GLOBAL_ACCENT_COLOR_NAME = AccentColor;
				CODE_SIGN_STYLE = Automatic;
				DEVELOPMENT_TEAM = N84UR3K6JA;
				INFOPLIST_FILE = NavigatorDemo/Info.plist;
				LD_RUNPATH_SEARCH_PATHS = (
					"$(inherited)",
					"@executable_path/Frameworks",
				);
				PRODUCT_BUNDLE_IDENTIFIER = jj.com.NavigatorDemo;
				PRODUCT_NAME = "$(TARGET_NAME)";
				SWIFT_VERSION = 5.0;
				TARGETED_DEVICE_FAMILY = "1,2";
			};
			name = Debug;
		};
		C6AD2A60270BF13A00D13BED /* Release */ = {
			isa = XCBuildConfiguration;
			buildSettings = {
				ASSETCATALOG_COMPILER_APPICON_NAME = AppIcon;
				ASSETCATALOG_COMPILER_GLOBAL_ACCENT_COLOR_NAME = AccentColor;
				CODE_SIGN_STYLE = Automatic;
				DEVELOPMENT_TEAM = N84UR3K6JA;
				INFOPLIST_FILE = NavigatorDemo/Info.plist;
				LD_RUNPATH_SEARCH_PATHS = (
					"$(inherited)",
					"@executable_path/Frameworks",
				);
				PRODUCT_BUNDLE_IDENTIFIER = jj.com.NavigatorDemo;
				PRODUCT_NAME = "$(TARGET_NAME)";
				SWIFT_VERSION = 5.0;
				TARGETED_DEVICE_FAMILY = "1,2";
			};
			name = Release;
		};
		C6AD2A62270BF13A00D13BED /* Debug */ = {
			isa = XCBuildConfiguration;
			buildSettings = {
				ALWAYS_EMBED_SWIFT_STANDARD_LIBRARIES = YES;
				BUNDLE_LOADER = "$(TEST_HOST)";
				CODE_SIGN_STYLE = Automatic;
				DEVELOPMENT_TEAM = N84UR3K6JA;
				INFOPLIST_FILE = NavigatorDemoTests/Info.plist;
				IPHONEOS_DEPLOYMENT_TARGET = 14.5;
				LD_RUNPATH_SEARCH_PATHS = (
					"$(inherited)",
					"@executable_path/Frameworks",
					"@loader_path/Frameworks",
				);
				PRODUCT_BUNDLE_IDENTIFIER = jj.com.NavigatorDemoTests;
				PRODUCT_NAME = "$(TARGET_NAME)";
				SWIFT_VERSION = 5.0;
				TARGETED_DEVICE_FAMILY = "1,2";
				TEST_HOST = "$(BUILT_PRODUCTS_DIR)/NavigatorDemo.app/NavigatorDemo";
			};
			name = Debug;
		};
		C6AD2A63270BF13A00D13BED /* Release */ = {
			isa = XCBuildConfiguration;
			buildSettings = {
				ALWAYS_EMBED_SWIFT_STANDARD_LIBRARIES = YES;
				BUNDLE_LOADER = "$(TEST_HOST)";
				CODE_SIGN_STYLE = Automatic;
				DEVELOPMENT_TEAM = N84UR3K6JA;
				INFOPLIST_FILE = NavigatorDemoTests/Info.plist;
				IPHONEOS_DEPLOYMENT_TARGET = 14.5;
				LD_RUNPATH_SEARCH_PATHS = (
					"$(inherited)",
					"@executable_path/Frameworks",
					"@loader_path/Frameworks",
				);
				PRODUCT_BUNDLE_IDENTIFIER = jj.com.NavigatorDemoTests;
				PRODUCT_NAME = "$(TARGET_NAME)";
				SWIFT_VERSION = 5.0;
				TARGETED_DEVICE_FAMILY = "1,2";
				TEST_HOST = "$(BUILT_PRODUCTS_DIR)/NavigatorDemo.app/NavigatorDemo";
			};
			name = Release;
		};
		C6AD2A65270BF13A00D13BED /* Debug */ = {
			isa = XCBuildConfiguration;
			buildSettings = {
				ALWAYS_EMBED_SWIFT_STANDARD_LIBRARIES = YES;
				CODE_SIGN_STYLE = Automatic;
				DEVELOPMENT_TEAM = N84UR3K6JA;
				INFOPLIST_FILE = NavigatorDemoUITests/Info.plist;
				LD_RUNPATH_SEARCH_PATHS = (
					"$(inherited)",
					"@executable_path/Frameworks",
					"@loader_path/Frameworks",
				);
				PRODUCT_BUNDLE_IDENTIFIER = jj.com.NavigatorDemoUITests;
				PRODUCT_NAME = "$(TARGET_NAME)";
				SWIFT_VERSION = 5.0;
				TARGETED_DEVICE_FAMILY = "1,2";
				TEST_TARGET_NAME = NavigatorDemo;
			};
			name = Debug;
		};
		C6AD2A66270BF13A00D13BED /* Release */ = {
			isa = XCBuildConfiguration;
			buildSettings = {
				ALWAYS_EMBED_SWIFT_STANDARD_LIBRARIES = YES;
				CODE_SIGN_STYLE = Automatic;
				DEVELOPMENT_TEAM = N84UR3K6JA;
				INFOPLIST_FILE = NavigatorDemoUITests/Info.plist;
				LD_RUNPATH_SEARCH_PATHS = (
					"$(inherited)",
					"@executable_path/Frameworks",
					"@loader_path/Frameworks",
				);
				PRODUCT_BUNDLE_IDENTIFIER = jj.com.NavigatorDemoUITests;
				PRODUCT_NAME = "$(TARGET_NAME)";
				SWIFT_VERSION = 5.0;
				TARGETED_DEVICE_FAMILY = "1,2";
				TEST_TARGET_NAME = NavigatorDemo;
			};
			name = Release;
		};
/* End XCBuildConfiguration section */

/* Begin XCConfigurationList section */
		C6AD2A2F270BF13500D13BED /* Build configuration list for PBXProject "NavigatorDemo" */ = {
			isa = XCConfigurationList;
			buildConfigurations = (
				C6AD2A5C270BF13A00D13BED /* Debug */,
				C6AD2A5D270BF13A00D13BED /* Release */,
			);
			defaultConfigurationIsVisible = 0;
			defaultConfigurationName = Release;
		};
		C6AD2A5E270BF13A00D13BED /* Build configuration list for PBXNativeTarget "NavigatorDemo" */ = {
			isa = XCConfigurationList;
			buildConfigurations = (
				C6AD2A5F270BF13A00D13BED /* Debug */,
				C6AD2A60270BF13A00D13BED /* Release */,
			);
			defaultConfigurationIsVisible = 0;
			defaultConfigurationName = Release;
		};
		C6AD2A61270BF13A00D13BED /* Build configuration list for PBXNativeTarget "NavigatorDemoTests" */ = {
			isa = XCConfigurationList;
			buildConfigurations = (
				C6AD2A62270BF13A00D13BED /* Debug */,
				C6AD2A63270BF13A00D13BED /* Release */,
			);
			defaultConfigurationIsVisible = 0;
			defaultConfigurationName = Release;
		};
		C6AD2A64270BF13A00D13BED /* Build configuration list for PBXNativeTarget "NavigatorDemoUITests" */ = {
			isa = XCConfigurationList;
			buildConfigurations = (
				C6AD2A65270BF13A00D13BED /* Debug */,
				C6AD2A66270BF13A00D13BED /* Release */,
			);
			defaultConfigurationIsVisible = 0;
			defaultConfigurationName = Release;
		};
/* End XCConfigurationList section */
	};
	rootObject = C6AD2A2C270BF13500D13BED /* Project object */;
}
